github.com/imroc/biu v0.0.0-20170329141542-0376ce6761c0 h1:pkyNAS9IQiZgseFrdhZC4cloBo2k2O2Son/k+3NquwY=
github.com/imroc/biu v0.0.0-20170329141542-0376ce6761c0/go.mod h1:wscexmyH+oDXfQr1q8PAZUXfKnxCUcNm62D/M5Ec8Lw=
golang.org/x/time v0.0.0-20191024005414-555d28b269f0 h1:/5xXl8Y5W96D+TtHSlonuFqGHIWVuyCkGJLwGh9JJFs=
golang.org/x/time v0.0.0-20191024005414-555d28b269f0/go.mod h1:tRJNPiyCQ0inRvYxbN9jk5I+vvW/OXSQhTDSoE431IQ=
